<?xml version="1.0" encoding="utf-8"?>
<Project ToolsVersion="4.0" xmlns="http://schemas.microsoft.com/developer/msbuild/2003">
  <ItemGroup>
    <Filter Include="__meta__">
      <UniqueIdentifier>{2717d911-ed72-4546-8a38-e18c2c71ae40}</UniqueIdentifier>
    </Filter>
    <Filter Include="__resource__">
      <UniqueIdentifier>{9a659f5f-50b1-4a2a-8456-a77e0d47a17a}</UniqueIdentifier>
    </Filter>
    <Filter Include="__resource_file__">
      <UniqueIdentifier>{67DA6AB6-F800-4c08-8B7A-83BB121AAD01}</UniqueIdentifier>
      <Extensions>rc;ico;cur;bmp;dlg;rc2;rct;bin;rgs;gif;jpg;jpeg;jpe;resx;tiff;tif;png;wav;mfcribbon-ms</Extensions>
    </Filter>
    <Filter Include="BASE_PRODUCT">
      <UniqueIdentifier>{2c9d7033-97a5-42e1-88fd-a27cd8ba8057}</UniqueIdentifier>
    </Filter>
    <Filter Include="BASE_RDBMS">
      <UniqueIdentifier>{2e8c26a2-e444-4af8-b1e8-49d8b6725335}</UniqueIdentifier>
    </Filter>
    <Filter Include="BASE_MAIN">
      <UniqueIdentifier>{8f67a7ce-e6cf-431e-a02b-acdb2f0531ab}</UniqueIdentifier>
    </Filter>
  </ItemGroup>
  <ItemGroup>
    <ClCompile Include="pch.cpp">
      <Filter>__meta__</Filter>
    </ClCompile>
    <ClCompile Include="dllmain.cpp">
      <Filter>__meta__</Filter>
    </ClCompile>
    <ClCompile Include="API_BASE.cpp">
      <Filter>__meta__</Filter>
    </ClCompile>
    <ClCompile Include="DocBase.cpp">
      <Filter>BASE_MAIN</Filter>
    </ClCompile>
    <ClCompile Include="ViewBase.cpp">
      <Filter>BASE_MAIN</Filter>
    </ClCompile>
    <ClCompile Include="ProductInfo.cpp">
      <Filter>BASE_PRODUCT</Filter>
    </ClCompile>
    <ClCompile Include="MRelationalDatabase.cpp">
      <Filter>BASE_RDBMS</Filter>
    </ClCompile>
  </ItemGroup>
  <ItemGroup>
    <None Include="res\API_BASE.rc2">
      <Filter>__resource__</Filter>
    </None>
    <None Include="API_BASE.def">
      <Filter>__meta__</Filter>
    </None>
  </ItemGroup>
  <ItemGroup>
    <ClInclude Include="Resource.h">
      <Filter>__resource__</Filter>
    </ClInclude>
    <ClInclude Include="targetver.h">
      <Filter>__meta__</Filter>
    </ClInclude>
    <ClInclude Include="pch.h">
      <Filter>__meta__</Filter>
    </ClInclude>
    <ClInclude Include="framework.h">
      <Filter>__meta__</Filter>
    </ClInclude>
    <ClInclude Include="DocBase.h">
      <Filter>BASE_MAIN</Filter>
    </ClInclude>
    <ClInclude Include="ViewBase.h">
      <Filter>BASE_MAIN</Filter>
    </ClInclude>
    <ClInclude Include="ProductInfo.h">
      <Filter>BASE_PRODUCT</Filter>
    </ClInclude>
    <ClInclude Include="MRelationalDatabase.h">
      <Filter>BASE_RDBMS</Filter>
    </ClInclude>
  </ItemGroup>
  <ItemGroup>
    <ResourceCompile Include="API_BASE.rc">
      <Filter>__resource__</Filter>
    </ResourceCompile>
  </ItemGroup>
</Project>