<?xml version="1.0" encoding="utf-8"?>
<Project ToolsVersion="4.0" xmlns="http://schemas.microsoft.com/developer/msbuild/2003">
  <ItemGroup>
    <Filter Include="__meta__">
      <UniqueIdentifier>{ecec24e8-d267-4914-850e-7a9b8e0e97c5}</UniqueIdentifier>
    </Filter>
    <Filter Include="__resource__">
      <UniqueIdentifier>{d20f78d6-1536-4aef-b3c4-afbec788ca42}</UniqueIdentifier>
    </Filter>
    <Filter Include="__resource_file__">
      <UniqueIdentifier>{67DA6AB6-F800-4c08-8B7A-83BB121AAD01}</UniqueIdentifier>
      <Extensions>rc;ico;cur;bmp;dlg;rc2;rct;bin;rgs;gif;jpg;jpeg;jpe;resx;tiff;tif;png;wav;mfcribbon-ms</Extensions>
    </Filter>
    <Filter Include="LIB_NOTIFY">
      <UniqueIdentifier>{906afbc5-c4a3-479c-9882-f3f0e1c01d1e}</UniqueIdentifier>
    </Filter>
    <Filter Include="LIB_UTILITY">
      <UniqueIdentifier>{25f175f7-f960-435b-a405-b2492f954f73}</UniqueIdentifier>
    </Filter>
  </ItemGroup>
  <ItemGroup>
    <ClCompile Include="API_LIB.cpp">
      <Filter>__meta__</Filter>
    </ClCompile>
    <ClCompile Include="dllmain.cpp">
      <Filter>__meta__</Filter>
    </ClCompile>
    <ClCompile Include="pch.cpp">
      <Filter>__meta__</Filter>
    </ClCompile>
    <ClCompile Include="NotifyObserver.cpp">
      <Filter>LIB_NOTIFY</Filter>
    </ClCompile>
    <ClCompile Include="NotifySubject.cpp">
      <Filter>LIB_NOTIFY</Filter>
    </ClCompile>
    <ClCompile Include="NotifyDefine.cpp">
      <Filter>LIB_NOTIFY</Filter>
    </ClCompile>
    <ClCompile Include="StandardLibrary.cpp">
      <Filter>LIB_UTILITY</Filter>
    </ClCompile>
    <ClCompile Include="StandardFuncLibrary.cpp" />
  </ItemGroup>
  <ItemGroup>
    <None Include="res\API_LIB.rc2">
      <Filter>__resource__</Filter>
    </None>
    <None Include="API_LIB.def">
      <Filter>__meta__</Filter>
    </None>
  </ItemGroup>
  <ItemGroup>
    <ClInclude Include="framework.h">
      <Filter>__meta__</Filter>
    </ClInclude>
    <ClInclude Include="pch.h">
      <Filter>__meta__</Filter>
    </ClInclude>
    <ClInclude Include="targetver.h">
      <Filter>__meta__</Filter>
    </ClInclude>
    <ClInclude Include="Resource.h">
      <Filter>__resource__</Filter>
    </ClInclude>
    <ClInclude Include="NotifyObserver.h">
      <Filter>LIB_NOTIFY</Filter>
    </ClInclude>
    <ClInclude Include="NotifySubject.h">
      <Filter>LIB_NOTIFY</Filter>
    </ClInclude>
    <ClInclude Include="NotifyDefine.h">
      <Filter>LIB_NOTIFY</Filter>
    </ClInclude>
    <ClInclude Include="StandardLibrary.h">
      <Filter>LIB_UTILITY</Filter>
    </ClInclude>
    <ClInclude Include="StandardFuncLibrary.h" />
  </ItemGroup>
  <ItemGroup>
    <ResourceCompile Include="API_LIB.rc">
      <Filter>__resource__</Filter>
    </ResourceCompile>
  </ItemGroup>
</Project>