
Microsoft Visual Studio Solution File, Format Version 12.00
# Visual Studio Version 16
VisualStudioVersion = 16.0.32228.343
MinimumVisualStudioVersion = 10.0.40219.1
Project("{8BC9CEB8-8B4A-11D0-8D11-00A0C91BC942}") = "Main", "Main\Main.vcxproj", "{3FB3E48F-A4E2-45AE-A4BD-38E8AAD8FD63}"
EndProject
Project("{8BC9CEB8-8B4A-11D0-8D11-00A0C91BC942}") = "API_BASE", "API_BASE\API_BASE.vcxproj", "{8CCD4D7B-7692-4E69-82B4-EC5E534F7197}"
EndProject
Project("{8BC9CEB8-8B4A-11D0-8D11-00A0C91BC942}") = "API_LIB", "API_LIB\API_LIB.vcxproj", "{C80D1159-6066-485C-A551-55A49F29A81B}"
EndProject
Project("{8BC9CEB8-8B4A-11D0-8D11-00A0C91BC942}") = "API_CORE", "API_CORE\API_CORE.vcxproj", "{80D37CF3-A0CD-4830-8ECB-9E2F124BA6D8}"
EndProject
Project("{8BC9CEB8-8B4A-11D0-8D11-00A0C91BC942}") = "API_DATA", "API_DATA\API_DATA.vcxproj", "{51E3CC27-F8C0-4E93-864F-8CE3AACF86A5}"
EndProject
Project("{2150E333-8FDC-42A3-9474-1A3956D46DE8}") = "CORE", "CORE", "{6B0ACDBA-5924-4132-930E-995E232679CF}"
EndProject
Global
	GlobalSection(SolutionConfigurationPlatforms) = preSolution
		Debug|x64 = Debug|x64
		Debug|x86 = Debug|x86
		Release|x64 = Release|x64
		Release|x86 = Release|x86
	EndGlobalSection
	GlobalSection(ProjectConfigurationPlatforms) = postSolution
		{3FB3E48F-A4E2-45AE-A4BD-38E8AAD8FD63}.Debug|x64.ActiveCfg = Debug|x64
		{3FB3E48F-A4E2-45AE-A4BD-38E8AAD8FD63}.Debug|x64.Build.0 = Debug|x64
		{3FB3E48F-A4E2-45AE-A4BD-38E8AAD8FD63}.Debug|x86.ActiveCfg = Debug|Win32
		{3FB3E48F-A4E2-45AE-A4BD-38E8AAD8FD63}.Debug|x86.Build.0 = Debug|Win32
		{3FB3E48F-A4E2-45AE-A4BD-38E8AAD8FD63}.Release|x64.ActiveCfg = Release|x64
		{3FB3E48F-A4E2-45AE-A4BD-38E8AAD8FD63}.Release|x64.Build.0 = Release|x64
		{3FB3E48F-A4E2-45AE-A4BD-38E8AAD8FD63}.Release|x86.ActiveCfg = Release|Win32
		{3FB3E48F-A4E2-45AE-A4BD-38E8AAD8FD63}.Release|x86.Build.0 = Release|Win32
		{8CCD4D7B-7692-4E69-82B4-EC5E534F7197}.Debug|x64.ActiveCfg = Debug|x64
		{8CCD4D7B-7692-4E69-82B4-EC5E534F7197}.Debug|x64.Build.0 = Debug|x64
		{8CCD4D7B-7692-4E69-82B4-EC5E534F7197}.Debug|x86.ActiveCfg = Debug|Win32
		{8CCD4D7B-7692-4E69-82B4-EC5E534F7197}.Debug|x86.Build.0 = Debug|Win32
		{8CCD4D7B-7692-4E69-82B4-EC5E534F7197}.Release|x64.ActiveCfg = Release|x64
		{8CCD4D7B-7692-4E69-82B4-EC5E534F7197}.Release|x64.Build.0 = Release|x64
		{8CCD4D7B-7692-4E69-82B4-EC5E534F7197}.Release|x86.ActiveCfg = Release|Win32
		{8CCD4D7B-7692-4E69-82B4-EC5E534F7197}.Release|x86.Build.0 = Release|Win32
		{C80D1159-6066-485C-A551-55A49F29A81B}.Debug|x64.ActiveCfg = Debug|x64
		{C80D1159-6066-485C-A551-55A49F29A81B}.Debug|x64.Build.0 = Debug|x64
		{C80D1159-6066-485C-A551-55A49F29A81B}.Debug|x86.ActiveCfg = Debug|Win32
		{C80D1159-6066-485C-A551-55A49F29A81B}.Debug|x86.Build.0 = Debug|Win32
		{C80D1159-6066-485C-A551-55A49F29A81B}.Release|x64.ActiveCfg = Release|x64
		{C80D1159-6066-485C-A551-55A49F29A81B}.Release|x64.Build.0 = Release|x64
		{C80D1159-6066-485C-A551-55A49F29A81B}.Release|x86.ActiveCfg = Release|Win32
		{C80D1159-6066-485C-A551-55A49F29A81B}.Release|x86.Build.0 = Release|Win32
		{80D37CF3-A0CD-4830-8ECB-9E2F124BA6D8}.Debug|x64.ActiveCfg = Debug|x64
		{80D37CF3-A0CD-4830-8ECB-9E2F124BA6D8}.Debug|x64.Build.0 = Debug|x64
		{80D37CF3-A0CD-4830-8ECB-9E2F124BA6D8}.Debug|x86.ActiveCfg = Debug|Win32
		{80D37CF3-A0CD-4830-8ECB-9E2F124BA6D8}.Debug|x86.Build.0 = Debug|Win32
		{80D37CF3-A0CD-4830-8ECB-9E2F124BA6D8}.Release|x64.ActiveCfg = Release|x64
		{80D37CF3-A0CD-4830-8ECB-9E2F124BA6D8}.Release|x64.Build.0 = Release|x64
		{80D37CF3-A0CD-4830-8ECB-9E2F124BA6D8}.Release|x86.ActiveCfg = Release|Win32
		{80D37CF3-A0CD-4830-8ECB-9E2F124BA6D8}.Release|x86.Build.0 = Release|Win32
		{51E3CC27-F8C0-4E93-864F-8CE3AACF86A5}.Debug|x64.ActiveCfg = Debug|x64
		{51E3CC27-F8C0-4E93-864F-8CE3AACF86A5}.Debug|x64.Build.0 = Debug|x64
		{51E3CC27-F8C0-4E93-864F-8CE3AACF86A5}.Debug|x86.ActiveCfg = Debug|Win32
		{51E3CC27-F8C0-4E93-864F-8CE3AACF86A5}.Debug|x86.Build.0 = Debug|Win32
		{51E3CC27-F8C0-4E93-864F-8CE3AACF86A5}.Release|x64.ActiveCfg = Release|x64
		{51E3CC27-F8C0-4E93-864F-8CE3AACF86A5}.Release|x64.Build.0 = Release|x64
		{51E3CC27-F8C0-4E93-864F-8CE3AACF86A5}.Release|x86.ActiveCfg = Release|Win32
		{51E3CC27-F8C0-4E93-864F-8CE3AACF86A5}.Release|x86.Build.0 = Release|Win32
	EndGlobalSection
	GlobalSection(SolutionProperties) = preSolution
		HideSolutionNode = FALSE
	EndGlobalSection
	GlobalSection(NestedProjects) = preSolution
		{8CCD4D7B-7692-4E69-82B4-EC5E534F7197} = {6B0ACDBA-5924-4132-930E-995E232679CF}
		{C80D1159-6066-485C-A551-55A49F29A81B} = {6B0ACDBA-5924-4132-930E-995E232679CF}
		{80D37CF3-A0CD-4830-8ECB-9E2F124BA6D8} = {6B0ACDBA-5924-4132-930E-995E232679CF}
		{51E3CC27-F8C0-4E93-864F-8CE3AACF86A5} = {6B0ACDBA-5924-4132-930E-995E232679CF}
	EndGlobalSection
	GlobalSection(ExtensibilityGlobals) = postSolution
		SolutionGuid = {0283EF29-A6BB-48B3-9D81-E6486D53592A}
	EndGlobalSection
EndGlobal
